<?xml version="1.0" encoding="utf-8"?>
<Project ToolsVersion="4.0" xmlns="http://schemas.microsoft.com/developer/msbuild/2003">
  <ItemGroup>
    <Filter Include="Source Files">
      <UniqueIdentifier>{4FC737F1-C7A5-4376-A066-2A32D752A2FF}</UniqueIdentifier>
      <Extensions>cpp;c;cc;cxx;def;odl;idl;hpj;bat;asm;asmx</Extensions>
    </Filter>
    <Filter Include="Header Files">
      <UniqueIdentifier>{93995380-89BD-4b04-88EB-625FBE52EBFB}</UniqueIdentifier>
      <Extensions>h;hh;hpp;hxx;hm;inl;inc;xsd</Extensions>
    </Filter>
    <Filter Include="Resource Files">
      <UniqueIdentifier>{67DA6AB6-F800-4c08-8B7A-83BB121AAD01}</UniqueIdentifier>
      <Extensions>rc;ico;cur;bmp;dlg;rc2;rct;bin;rgs;gif;jpg;jpeg;jpe;resx;tiff;tif;png;wav</Extensions>
    </Filter>
  </ItemGroup>
  <ItemGroup>
    <ClCompile Include="acronym.cpp">
      <Filter>Source Files</Filter>
    </ClCompile>
    <ClCompile Include="addCommas.cpp">
      <Filter>Source Files</Filter>
    </ClCompile>
    <ClCompile Include="capitalize.cpp">
      <Filter>Source Files</Filter>
    </ClCompile>
    <ClCompile Include="censorship.cpp">
      <Filter>Source Files</Filter>
    </ClCompile>
    <ClCompile Include="checkSuffix.cpp">
      <Filter>Source Files</Filter>
    </ClCompile>
    <ClCompile Include="countingAlphabets.cpp">
      <Filter>Source Files</Filter>
    </ClCompile>
    <ClCompile Include="countingFile.cpp">
      <Filter>Source Files</Filter>
    </ClCompile>
    <ClCompile Include="craps.cpp">
      <Filter>Source Files</Filter>
    </ClCompile>
    <ClCompile Include="createOrdnalForm.cpp">
      <Filter>Source Files</Filter>
    </ClCompile>
    <ClCompile Include="createPlural.cpp">
      <Filter>Source Files</Filter>
    </ClCompile>
    <ClCompile Include="cyclicCipher.cpp">
      <Filter>Source Files</Filter>
    </ClCompile>
    <ClCompile Include="Date.cpp">
      <Filter>Source Files</Filter>
    </ClCompile>
    <ClCompile Include="defaultExtension.cpp">
      <Filter>Source Files</Filter>
    </ClCompile>
    <ClCompile Include="domino.cpp">
      <Filter>Source Files</Filter>
    </ClCompile>
    <ClCompile Include="englishToPiglatin.cpp">
      <Filter>Source Files</Filter>
    </ClCompile>
    <ClCompile Include="euclid%27sGCD.cpp">
      <Filter>Source Files</Filter>
    </ClCompile>
    <ClCompile Include="fileCount.cpp">
      <Filter>Source Files</Filter>
    </ClCompile>
    <ClCompile Include="findDNAMatch.cpp">
      <Filter>Source Files</Filter>
    </ClCompile>
    <ClCompile Include="findEaster.cpp">
      <Filter>Source Files</Filter>
    </ClCompile>
    <ClCompile Include="firstfstream.cpp">
      <Filter>Source Files</Filter>
    </ClCompile>
    <ClCompile Include="hailstoneSequence.cpp">
      <Filter>Source Files</Filter>
    </ClCompile>
    <ClCompile Include="headsCounter.cpp">
      <Filter>Source Files</Filter>
    </ClCompile>
    <ClCompile Include="invertKey.cpp">
      <Filter>Source Files</Filter>
    </ClCompile>
    <ClCompile Include="itsAllGreek.cpp">
      <Filter>Source Files</Filter>
    </ClCompile>
    <ClCompile Include="letterSubCipher.cpp">
      <Filter>Source Files</Filter>
    </ClCompile>
    <ClCompile Include="nuclearDecay.cpp">
      <Filter>Source Files</Filter>
    </ClCompile>
    <ClCompile Include="obenglobish.cpp">
      <Filter>Source Files</Filter>
    </ClCompile>
    <ClCompile Include="p(n,k).cpp">
      <Filter>Source Files</Filter>
    </ClCompile>
    <ClCompile Include="palindromeSentence.cpp">
      <Filter>Source Files</Filter>
    </ClCompile>
    <ClCompile Include="perfectNumbers.cpp">
      <Filter>Source Files</Filter>
    </ClCompile>
    <ClCompile Include="piByArea.cpp">
      <Filter>Source Files</Filter>
    </ClCompile>
    <ClCompile Include="piByRandomDarts.cpp">
      <Filter>Source Files</Filter>
    </ClCompile>
    <ClCompile Include="piLeibniz.cpp">
      <Filter>Source Files</Filter>
    </ClCompile>
    <ClCompile Include="precision.cpp">
      <Filter>Source Files</Filter>
    </ClCompile>
    <ClCompile Include="primeFactorization.cpp">
      <Filter>Source Files</Filter>
    </ClCompile>
    <ClCompile Include="printTrigoTable.cpp">
      <Filter>Source Files</Filter>
    </ClCompile>
    <ClCompile Include="quadraticSolver.cpp">
      <Filter>Source Files</Filter>
    </ClCompile>
    <ClCompile Include="randomAverage.cpp">
      <Filter>Source Files</Filter>
    </ClCompile>
    <ClCompile Include="rational.cpp">
      <Filter>Source Files</Filter>
    </ClCompile>
    <ClCompile Include="recFib.cpp">
      <Filter>Source Files</Filter>
    </ClCompile>
    <ClCompile Include="recPal.cpp">
      <Filter>Source Files</Filter>
    </ClCompile>
    <ClCompile Include="recursiveFact.cpp">
      <Filter>Source Files</Filter>
    </ClCompile>
    <ClCompile Include="removeChars.cpp">
      <Filter>Source Files</Filter>
    </ClCompile>
    <ClCompile Include="removeComments.cpp">
      <Filter>Source Files</Filter>
    </ClCompile>
    <ClCompile Include="removeDoubledLetters.cpp">
      <Filter>Source Files</Filter>
    </ClCompile>
    <ClCompile Include="replaceAll.cpp">
      <Filter>Source Files</Filter>
    </ClCompile>
    <ClCompile Include="reverseFile.cpp">
      <Filter>Source Files</Filter>
    </ClCompile>
    <ClCompile Include="rootAndExtension.cpp">
      <Filter>Source Files</Filter>
    </ClCompile>
    <ClCompile Include="scrabble.cpp">
      <Filter>Source Files</Filter>
    </ClCompile>
    <ClCompile Include="sqrtByNewtonRaphson.cpp">
      <Filter>Source Files</Filter>
    </ClCompile>
    <ClCompile Include="stringPalindrome.cpp">
      <Filter>Source Files</Filter>
    </ClCompile>
    <ClCompile Include="trimString.cpp">
      <Filter>Source Files</Filter>
    </ClCompile>
    <ClCompile Include="windChill.cpp">
      <Filter>Source Files</Filter>
    </ClCompile>
    <ClCompile Include="yarnPattern.cpp">
      <Filter>Source Files</Filter>
    </ClCompile>
    <ClCompile Include="yinYang.cpp">
      <Filter>Source Files</Filter>
    </ClCompile>
  </ItemGroup>
  <ItemGroup>
    <ClInclude Include="domino.h">
      <Filter>Header Files</Filter>
    </ClInclude>
    <ClInclude Include="random.h">
      <Filter>Header Files</Filter>
    </ClInclude>
    <ClInclude Include="rational.h">
      <Filter>Header Files</Filter>
    </ClInclude>
  </ItemGroup>
</Project>